
Microsoft Visual Studio Solution File, Format Version 12.00
# Visual Studio Version 17
VisualStudioVersion = 17.9.34616.47
MinimumVisualStudioVersion = 10.0.40219.1
Project("{2150E333-8FDC-42A3-9474-1A3956D46DE8}") = "DataAccess", "DataAccess", "{449D9714-DA7D-4AB6-B446-982B3A67CCF1}"
EndProject
Project("{2150E333-8FDC-42A3-9474-1A3956D46DE8}") = "Logic", "Logic", "{92626286-11C7-44DF-9B42-8F8D8A6EC5D9}"
EndProject
Project("{2150E333-8FDC-42A3-9474-1A3956D46DE8}") = "Presentation", "Presentation", "{E399156B-5278-491C-8A4F-F4043C85DB78}"
EndProject
Project("{9A19103F-16F7-4668-BE54-9A1E7A4F7556}") = "Presentation", "Presentation\Presentation.csproj", "{5CAF6698-B5B3-439D-9CEB-1313315B973A}"
EndProject
Project("{9A19103F-16F7-4668-BE54-9A1E7A4F7556}") = "DataAccess", "DataAccess\DataAccess.csproj", "{1AFEBBAB-6F61-42C0-90E7-79EC0AD06DEE}"
EndProject
Project("{9A19103F-16F7-4668-BE54-9A1E7A4F7556}") = "Logic", "Logic\Logic.csproj", "{986DA782-91A2-46E7-AD55-5D315B219E1A}"
EndProject
Project("{2150E333-8FDC-42A3-9474-1A3956D46DE8}") = "9.TEST", "9.TEST", "{DB782C79-24AE-4EA9-8F84-5E2546DE89AF}"
EndProject
Project("{FAE04EC0-301F-11D3-BF4B-00C04F79EFBC}") = "Test", "Test\Test.csproj", "{81711FC0-EF52-4A31-B9D0-A476F727E6F6}"
EndProject
Global
	GlobalSection(SolutionConfigurationPlatforms) = preSolution
		Debug|Any CPU = Debug|Any CPU
		Release|Any CPU = Release|Any CPU
	EndGlobalSection
	GlobalSection(ProjectConfigurationPlatforms) = postSolution
		{5CAF6698-B5B3-439D-9CEB-1313315B973A}.Debug|Any CPU.ActiveCfg = Debug|Any CPU
		{5CAF6698-B5B3-439D-9CEB-1313315B973A}.Debug|Any CPU.Build.0 = Debug|Any CPU
		{5CAF6698-B5B3-439D-9CEB-1313315B973A}.Release|Any CPU.ActiveCfg = Release|Any CPU
		{5CAF6698-B5B3-439D-9CEB-1313315B973A}.Release|Any CPU.Build.0 = Release|Any CPU
		{1AFEBBAB-6F61-42C0-90E7-79EC0AD06DEE}.Debug|Any CPU.ActiveCfg = Debug|Any CPU
		{1AFEBBAB-6F61-42C0-90E7-79EC0AD06DEE}.Debug|Any CPU.Build.0 = Debug|Any CPU
		{1AFEBBAB-6F61-42C0-90E7-79EC0AD06DEE}.Release|Any CPU.ActiveCfg = Release|Any CPU
		{1AFEBBAB-6F61-42C0-90E7-79EC0AD06DEE}.Release|Any CPU.Build.0 = Release|Any CPU
		{986DA782-91A2-46E7-AD55-5D315B219E1A}.Debug|Any CPU.ActiveCfg = Debug|Any CPU
		{986DA782-91A2-46E7-AD55-5D315B219E1A}.Debug|Any CPU.Build.0 = Debug|Any CPU
		{986DA782-91A2-46E7-AD55-5D315B219E1A}.Release|Any CPU.ActiveCfg = Release|Any CPU
		{986DA782-91A2-46E7-AD55-5D315B219E1A}.Release|Any CPU.Build.0 = Release|Any CPU
		{81711FC0-EF52-4A31-B9D0-A476F727E6F6}.Debug|Any CPU.ActiveCfg = Debug|Any CPU
		{81711FC0-EF52-4A31-B9D0-A476F727E6F6}.Debug|Any CPU.Build.0 = Debug|Any CPU
		{81711FC0-EF52-4A31-B9D0-A476F727E6F6}.Release|Any CPU.ActiveCfg = Release|Any CPU
		{81711FC0-EF52-4A31-B9D0-A476F727E6F6}.Release|Any CPU.Build.0 = Release|Any CPU
	EndGlobalSection
	GlobalSection(SolutionProperties) = preSolution
		HideSolutionNode = FALSE
	EndGlobalSection
	GlobalSection(NestedProjects) = preSolution
		{5CAF6698-B5B3-439D-9CEB-1313315B973A} = {E399156B-5278-491C-8A4F-F4043C85DB78}
		{1AFEBBAB-6F61-42C0-90E7-79EC0AD06DEE} = {449D9714-DA7D-4AB6-B446-982B3A67CCF1}
		{986DA782-91A2-46E7-AD55-5D315B219E1A} = {92626286-11C7-44DF-9B42-8F8D8A6EC5D9}
		{81711FC0-EF52-4A31-B9D0-A476F727E6F6} = {DB782C79-24AE-4EA9-8F84-5E2546DE89AF}
	EndGlobalSection
	GlobalSection(ExtensibilityGlobals) = postSolution
		SolutionGuid = {4B301FEB-FEB8-454A-928C-20C5685A4065}
	EndGlobalSection
EndGlobal
